
Microsoft Visual Studio Solution File, Format Version 12.00
# Visual Studio Version 17
VisualStudioVersion = 17.5.002.0
MinimumVisualStudioVersion = 10.0.40219.1
Project("{9A19103F-16F7-4668-BE54-9A1E7A4F7556}") = "api", "API\api.csproj", "{A449D9B3-BA80-4ACC-B839-4A6D0AAEAB30}"
EndProject
Global
	GlobalSection(SolutionConfigurationPlatforms) = preSolution
		Debug|Any CPU = Debug|Any CPU
		Release|Any CPU = Release|Any CPU
	EndGlobalSection
	GlobalSection(ProjectConfigurationPlatforms) = postSolution
		{A449D9B3-BA80-4ACC-B839-4A6D0AAEAB30}.Debug|Any CPU.ActiveCfg = Debug|Any CPU
		{A449D9B3-BA80-4ACC-B839-4A6D0AAEAB30}.Debug|Any CPU.Build.0 = Debug|Any CPU
		{A449D9B3-BA80-4ACC-B839-4A6D0AAEAB30}.Release|Any CPU.ActiveCfg = Release|Any CPU
		{A449D9B3-BA80-4ACC-B839-4A6D0AAEAB30}.Release|Any CPU.Build.0 = Release|Any CPU
	EndGlobalSection
	GlobalSection(SolutionProperties) = preSolution
		HideSolutionNode = FALSE
	EndGlobalSection
	GlobalSection(ExtensibilityGlobals) = postSolution
		SolutionGuid = {F0D27147-F869-45D5-A035-EE1E098020FC}
	EndGlobalSection
EndGlobal
